
Microsoft Visual Studio Solution File, Format Version 12.00
Project("{FAE04EC0-301F-11D3-BF4B-00C04F79EFBC}") = "ManagerService", "ManagerService\ManagerService.csproj", "{9E62C618-B1AC-4ED8-B1DB-67D6944580AE}"
EndProject
Project("{FAE04EC0-301F-11D3-BF4B-00C04F79EFBC}") = "Queue", "Core\Queue\Queue.csproj", "{E7A2A516-8609-42DC-A502-8FE6098D67F3}"
EndProject
Project("{FAE04EC0-301F-11D3-BF4B-00C04F79EFBC}") = "ReaderHtml", "Readers\ReaderHtml\ReaderHtml.csproj", "{E044D32C-272E-472A-B29D-70C371AB7F7B}"
EndProject
Project("{FAE04EC0-301F-11D3-BF4B-00C04F79EFBC}") = "Dto", "Core\Dto\Dto.csproj", "{A613F453-6536-411C-86F6-699BA73D2299}"
EndProject
Project("{FAE04EC0-301F-11D3-BF4B-00C04F79EFBC}") = "Domain", "Core\Domain\Domain.csproj", "{3BBCB661-20C3-4BAC-A6D5-09A7E1995E9C}"
EndProject
Project("{2150E333-8FDC-42A3-9474-1A3956D46DE8}") = "Core", "Core", "{1D2DCA6B-4F8C-4E06-8666-28614B56167C}"
EndProject
Project("{2150E333-8FDC-42A3-9474-1A3956D46DE8}") = "Readers", "Readers", "{241E9B05-0AA2-40BA-AA4A-11999418FEDC}"
EndProject
Project("{2150E333-8FDC-42A3-9474-1A3956D46DE8}") = "Parsers", "Parsers", "{7AA04C37-375B-49AB-B2FF-48A2F8B17A33}"
EndProject
Global
	GlobalSection(SolutionConfigurationPlatforms) = preSolution
		Debug|Any CPU = Debug|Any CPU
		Release|Any CPU = Release|Any CPU
	EndGlobalSection
	GlobalSection(ProjectConfigurationPlatforms) = postSolution
		{9E62C618-B1AC-4ED8-B1DB-67D6944580AE}.Debug|Any CPU.ActiveCfg = Debug|Any CPU
		{9E62C618-B1AC-4ED8-B1DB-67D6944580AE}.Debug|Any CPU.Build.0 = Debug|Any CPU
		{9E62C618-B1AC-4ED8-B1DB-67D6944580AE}.Release|Any CPU.ActiveCfg = Release|Any CPU
		{9E62C618-B1AC-4ED8-B1DB-67D6944580AE}.Release|Any CPU.Build.0 = Release|Any CPU
		{E7A2A516-8609-42DC-A502-8FE6098D67F3}.Debug|Any CPU.ActiveCfg = Debug|Any CPU
		{E7A2A516-8609-42DC-A502-8FE6098D67F3}.Debug|Any CPU.Build.0 = Debug|Any CPU
		{E7A2A516-8609-42DC-A502-8FE6098D67F3}.Release|Any CPU.ActiveCfg = Release|Any CPU
		{E7A2A516-8609-42DC-A502-8FE6098D67F3}.Release|Any CPU.Build.0 = Release|Any CPU
		{E044D32C-272E-472A-B29D-70C371AB7F7B}.Debug|Any CPU.ActiveCfg = Debug|Any CPU
		{E044D32C-272E-472A-B29D-70C371AB7F7B}.Debug|Any CPU.Build.0 = Debug|Any CPU
		{E044D32C-272E-472A-B29D-70C371AB7F7B}.Release|Any CPU.ActiveCfg = Release|Any CPU
		{E044D32C-272E-472A-B29D-70C371AB7F7B}.Release|Any CPU.Build.0 = Release|Any CPU
		{A613F453-6536-411C-86F6-699BA73D2299}.Debug|Any CPU.ActiveCfg = Debug|Any CPU
		{A613F453-6536-411C-86F6-699BA73D2299}.Debug|Any CPU.Build.0 = Debug|Any CPU
		{A613F453-6536-411C-86F6-699BA73D2299}.Release|Any CPU.ActiveCfg = Release|Any CPU
		{A613F453-6536-411C-86F6-699BA73D2299}.Release|Any CPU.Build.0 = Release|Any CPU
		{3BBCB661-20C3-4BAC-A6D5-09A7E1995E9C}.Debug|Any CPU.ActiveCfg = Debug|Any CPU
		{3BBCB661-20C3-4BAC-A6D5-09A7E1995E9C}.Debug|Any CPU.Build.0 = Debug|Any CPU
		{3BBCB661-20C3-4BAC-A6D5-09A7E1995E9C}.Release|Any CPU.ActiveCfg = Release|Any CPU
		{3BBCB661-20C3-4BAC-A6D5-09A7E1995E9C}.Release|Any CPU.Build.0 = Release|Any CPU
	EndGlobalSection
	GlobalSection(NestedProjects) = preSolution
		{E7A2A516-8609-42DC-A502-8FE6098D67F3} = {1D2DCA6B-4F8C-4E06-8666-28614B56167C}
		{A613F453-6536-411C-86F6-699BA73D2299} = {1D2DCA6B-4F8C-4E06-8666-28614B56167C}
		{3BBCB661-20C3-4BAC-A6D5-09A7E1995E9C} = {1D2DCA6B-4F8C-4E06-8666-28614B56167C}
		{E044D32C-272E-472A-B29D-70C371AB7F7B} = {241E9B05-0AA2-40BA-AA4A-11999418FEDC}
	EndGlobalSection
EndGlobal
